
Microsoft Visual Studio Solution File, Format Version 12.00
Project("{FAE04EC0-301F-11D3-BF4B-00C04F79EFBC}") = "Domain", "Domain\Domain.csproj", "{14DCF171-1950-4B45-BD2A-088E25EB1E41}"
EndProject
Project("{FAE04EC0-301F-11D3-BF4B-00C04F79EFBC}") = "Application", "Application\Application.csproj", "{CE9CF886-C22F-46FF-A9ED-0A12B19F0A2F}"
EndProject
Project("{FAE04EC0-301F-11D3-BF4B-00C04F79EFBC}") = "Presentation", "Presentation\Presentation.csproj", "{7223BD58-B066-479A-BA26-AD28867037A8}"
EndProject
Project("{FAE04EC0-301F-11D3-BF4B-00C04F79EFBC}") = "Infrastructure", "Infrastructure\Infrastructure.csproj", "{6B4C1ED7-2170-48E2-BF55-922275A7ABDE}"
EndProject
Project("{FAE04EC0-301F-11D3-BF4B-00C04F79EFBC}") = "Frontend", "Frontend\Frontend.csproj", "{B98ECA7A-AB94-48A1-9D17-8B92199BD101}"
EndProject
Global
	GlobalSection(SolutionConfigurationPlatforms) = preSolution
		Debug|Any CPU = Debug|Any CPU
		Release|Any CPU = Release|Any CPU
	EndGlobalSection
	GlobalSection(ProjectConfigurationPlatforms) = postSolution
		{14DCF171-1950-4B45-BD2A-088E25EB1E41}.Debug|Any CPU.ActiveCfg = Debug|Any CPU
		{14DCF171-1950-4B45-BD2A-088E25EB1E41}.Debug|Any CPU.Build.0 = Debug|Any CPU
		{14DCF171-1950-4B45-BD2A-088E25EB1E41}.Release|Any CPU.ActiveCfg = Release|Any CPU
		{14DCF171-1950-4B45-BD2A-088E25EB1E41}.Release|Any CPU.Build.0 = Release|Any CPU
		{CE9CF886-C22F-46FF-A9ED-0A12B19F0A2F}.Debug|Any CPU.ActiveCfg = Debug|Any CPU
		{CE9CF886-C22F-46FF-A9ED-0A12B19F0A2F}.Debug|Any CPU.Build.0 = Debug|Any CPU
		{CE9CF886-C22F-46FF-A9ED-0A12B19F0A2F}.Release|Any CPU.ActiveCfg = Release|Any CPU
		{CE9CF886-C22F-46FF-A9ED-0A12B19F0A2F}.Release|Any CPU.Build.0 = Release|Any CPU
		{7223BD58-B066-479A-BA26-AD28867037A8}.Debug|Any CPU.ActiveCfg = Debug|Any CPU
		{7223BD58-B066-479A-BA26-AD28867037A8}.Debug|Any CPU.Build.0 = Debug|Any CPU
		{7223BD58-B066-479A-BA26-AD28867037A8}.Release|Any CPU.ActiveCfg = Release|Any CPU
		{7223BD58-B066-479A-BA26-AD28867037A8}.Release|Any CPU.Build.0 = Release|Any CPU
		{6B4C1ED7-2170-48E2-BF55-922275A7ABDE}.Debug|Any CPU.ActiveCfg = Debug|Any CPU
		{6B4C1ED7-2170-48E2-BF55-922275A7ABDE}.Debug|Any CPU.Build.0 = Debug|Any CPU
		{6B4C1ED7-2170-48E2-BF55-922275A7ABDE}.Release|Any CPU.ActiveCfg = Release|Any CPU
		{6B4C1ED7-2170-48E2-BF55-922275A7ABDE}.Release|Any CPU.Build.0 = Release|Any CPU
		{B98ECA7A-AB94-48A1-9D17-8B92199BD101}.Debug|Any CPU.ActiveCfg = Debug|Any CPU
		{B98ECA7A-AB94-48A1-9D17-8B92199BD101}.Debug|Any CPU.Build.0 = Debug|Any CPU
		{B98ECA7A-AB94-48A1-9D17-8B92199BD101}.Release|Any CPU.ActiveCfg = Release|Any CPU
		{B98ECA7A-AB94-48A1-9D17-8B92199BD101}.Release|Any CPU.Build.0 = Release|Any CPU
	EndGlobalSection
EndGlobal
